
Microsoft Visual Studio Solution File, Format Version 12.00
# Visual Studio Version 17
VisualStudioVersion = 17.6.33829.357
MinimumVisualStudioVersion = 10.0.40219.1
Project("{FAE04EC0-301F-11D3-BF4B-00C04F79EFBC}") = "FIT5032_Week08B", "FIT5032_Week08B\FIT5032_Week08B.csproj", "{22609511-CCB2-46C1-A73C-29AC97B9ADE5}"
EndProject
Global
	GlobalSection(SolutionConfigurationPlatforms) = preSolution
		Debug|Any CPU = Debug|Any CPU
		Release|Any CPU = Release|Any CPU
	EndGlobalSection
	GlobalSection(ProjectConfigurationPlatforms) = postSolution
		{22609511-CCB2-46C1-A73C-29AC97B9ADE5}.Debug|Any CPU.ActiveCfg = Debug|Any CPU
		{22609511-CCB2-46C1-A73C-29AC97B9ADE5}.Debug|Any CPU.Build.0 = Debug|Any CPU
		{22609511-CCB2-46C1-A73C-29AC97B9ADE5}.Release|Any CPU.ActiveCfg = Release|Any CPU
		{22609511-CCB2-46C1-A73C-29AC97B9ADE5}.Release|Any CPU.Build.0 = Release|Any CPU
	EndGlobalSection
	GlobalSection(SolutionProperties) = preSolution
		HideSolutionNode = FALSE
	EndGlobalSection
	GlobalSection(ExtensibilityGlobals) = postSolution
		SolutionGuid = {E66C8D56-BD2E-4A1A-9A04-94BC949DDDF2}
	EndGlobalSection
EndGlobal
